# @generated by Move, please check-in and do not edit manually.

[move]
version = 3
manifest_digest = "1F95E1DFAA220E367EBBC4436297FE22A8A3B093A7CBDD687759991D2427B1E4"
deps_digest = "F8BBB0CCB2491CA29A3DF03D6F92277A4F3574266507ACD77214D37ECA3F3082"
dependencies = [
  { id = "Sui", name = "Sui" },
]

[[move.package]]
id = "MoveStdlib"
source = { git = "https://github.com/MystenLabs/sui.git", rev = "framework/testnet", subdir = "crates/sui-framework/packages/move-stdlib" }

[[move.package]]
id = "Sui"
source = { git = "https://github.com/MystenLabs/sui.git", rev = "framework/testnet", subdir = "crates/sui-framework/packages/sui-framework" }

dependencies = [
  { id = "MoveStdlib", name = "MoveStdlib" },
]

[move.toolchain-version]
compiler-version = "1.41.1"
edition = "2024.beta"
flavor = "sui"

[env]

[env.devnet]
chain-id = "3f2108a2"
original-published-id = "0xb200680489fcedf93768eb35effb663d962757cc54ba58aa5c7b5478a4c89dd5"
latest-published-id = "0xb200680489fcedf93768eb35effb663d962757cc54ba58aa5c7b5478a4c89dd5"
published-version = "1"
